
Microsoft Visual Studio Solution File, Format Version 12.00
# Visual Studio 2015
Project("{FAE04EC0-301F-11D3-BF4B-00C04F79EFBC}") = "Scott Heroes", "Scott Heroes.csproj", "{5B053B90-49E1-030D-0AEC-DB8FD0C9BBCD}"
EndProject
Global
	GlobalSection(SolutionConfigurationPlatforms) = preSolution
		Debug|Any CPU = Debug|Any CPU
		Release|Any CPU = Release|Any CPU
	EndGlobalSection
	GlobalSection(ProjectConfigurationPlatforms) = postSolution
		{5B053B90-49E1-030D-0AEC-DB8FD0C9BBCD}.Debug|Any CPU.ActiveCfg = Debug|Any CPU
		{5B053B90-49E1-030D-0AEC-DB8FD0C9BBCD}.Debug|Any CPU.Build.0 = Debug|Any CPU
		{5B053B90-49E1-030D-0AEC-DB8FD0C9BBCD}.Release|Any CPU.ActiveCfg = Release|Any CPU
		{5B053B90-49E1-030D-0AEC-DB8FD0C9BBCD}.Release|Any CPU.Build.0 = Release|Any CPU
	EndGlobalSection
	GlobalSection(SolutionProperties) = preSolution
		HideSolutionNode = FALSE
	EndGlobalSection
EndGlobal
